
Microsoft Visual Studio Solution File, Format Version 12.00
# Visual Studio Version 17
VisualStudioVersion = 17.14.36518.9
MinimumVisualStudioVersion = 10.0.40219.1
Project("{2150E333-8FDC-42A3-9474-1A3956D46DE8}") = "Task0", "Task0", "{02EA681E-C7D8-13C7-8484-4AC65E1B71E8}"
EndProject
Project("{FAE04EC0-301F-11D3-BF4B-00C04F79EFBC}") = "Tyuiu.YachmenevaPV.Sprint2.Task0.V21", "Tyuiu.YachmenevaPV.Sprint2.Task0.V21\Tyuiu.YachmenevaPV.Sprint2.Task0.V21.csproj", "{48C2D795-8519-46B6-A117-159702BDCF83}"
EndProject
Project("{FAE04EC0-301F-11D3-BF4B-00C04F79EFBC}") = "Tyuiu.YachmenevaPV.Sprint2.Task0.V21.Lib", "Tyuiu.YachmenevaPV.Sprint2.Task0.V21.Lib\Tyuiu.YachmenevaPV.Sprint2.Task0.V21.Lib.csproj", "{007A9E57-852B-40EC-93D3-FA85007ADDA9}"
EndProject
Project("{FAE04EC0-301F-11D3-BF4B-00C04F79EFBC}") = "Tyuiu.YachmenevaPV.Sprint2.Task0.V21.Test", "Tyuiu.YachmenevaPV.Sprint2.Task0.V21.Test\Tyuiu.YachmenevaPV.Sprint2.Task0.V21.Test.csproj", "{82CD62CC-7D8D-43FB-B3D4-481784DD213C}"
EndProject
Project("{2150E333-8FDC-42A3-9474-1A3956D46DE8}") = "Task1", "Task1", "{EB9AF8CA-AC26-4647-B02D-90D1045F0029}"
EndProject
Project("{FAE04EC0-301F-11D3-BF4B-00C04F79EFBC}") = "Tyuiu.YachmenevaPV.Sprint2.Task1.V3", "Tyuiu.YachmenevaPV.Sprint2.Task1.V3\Tyuiu.YachmenevaPV.Sprint2.Task1.V3.csproj", "{B2A293CA-3951-4DD5-9043-9CAFB54A4D2C}"
EndProject
Project("{FAE04EC0-301F-11D3-BF4B-00C04F79EFBC}") = "Tyuiu.YachmenevaPV.Sprint2.Task1.V3.Lib", "Tyuiu.YachmenevaPV.Sprint2.Task1.V3.Lib\Tyuiu.YachmenevaPV.Sprint2.Task1.V3.Lib.csproj", "{33EA9886-6299-4823-ABC0-5109DD7A82C1}"
EndProject
Project("{FAE04EC0-301F-11D3-BF4B-00C04F79EFBC}") = "Tyuiu.YachmenevaPV.Sprint2.Task1.V3.Test", "Tyuiu.YachmenevaPV.Sprint2.Task1.V3.Test\Tyuiu.YachmenevaPV.Sprint2.Task1.V3.Test.csproj", "{DA7F4A67-FDCA-49B0-9C7B-73372174EE0B}"
EndProject
Project("{2150E333-8FDC-42A3-9474-1A3956D46DE8}") = "Task2", "Task2", "{8DBD5CA2-A5CC-48BC-857D-5C743A779B5F}"
EndProject
Project("{FAE04EC0-301F-11D3-BF4B-00C04F79EFBC}") = "Tyuiu.YachmenevaPV.Sprint2.Task2.V24", "Tyuiu.YachmenevaPV.Sprint2.Task2.V24\Tyuiu.YachmenevaPV.Sprint2.Task2.V24.csproj", "{C9D07625-72E8-4A38-9D68-18BAA08E5B8D}"
EndProject
Project("{FAE04EC0-301F-11D3-BF4B-00C04F79EFBC}") = "Tyuiu.YachmenevaPV.Sprint2.Task2.V24.Lib", "Tyuiu.YachmenevaPV.Sprint2.Task2.V24.Lib\Tyuiu.YachmenevaPV.Sprint2.Task2.V24.Lib.csproj", "{5B0AF4C9-BFEA-46E5-9877-CC83BEB19C59}"
EndProject
Project("{FAE04EC0-301F-11D3-BF4B-00C04F79EFBC}") = "Tyuiu.YachmenevaPV.Sprint2.Task2.V24.Test", "Tyuiu.YachmenevaPV.Sprint2.Task2.V24.Test\Tyuiu.YachmenevaPV.Sprint2.Task2.V24.Test.csproj", "{A17F77E1-06BC-432E-871A-957A166E2DBA}"
EndProject
Project("{2150E333-8FDC-42A3-9474-1A3956D46DE8}") = "Task3", "Task3", "{3842E526-2FCA-472F-80D5-12F5582AF4C5}"
EndProject
Project("{FAE04EC0-301F-11D3-BF4B-00C04F79EFBC}") = "Tyuiu.YachmenevaPV.Sprint2.Task3.V2", "Tyuiu.YachmenevaPV.Sprint2.Task3.V2\Tyuiu.YachmenevaPV.Sprint2.Task3.V2.csproj", "{921F7C09-18B8-4F71-A8BA-44388D761472}"
EndProject
Project("{FAE04EC0-301F-11D3-BF4B-00C04F79EFBC}") = "Tyuiu.YachmenevaPV.Sprint2.Task3.V2.Lib", "Tyuiu.YachmenevaPV.Sprint2.Task3.V2.Lib\Tyuiu.YachmenevaPV.Sprint2.Task3.V2.Lib.csproj", "{22539D92-F6F0-458F-A85F-2E5516D9BC37}"
EndProject
Project("{FAE04EC0-301F-11D3-BF4B-00C04F79EFBC}") = "Tyuiu.YachmenevaPV.Sprint2.Task3.V2.Test", "Tyuiu.YachmenevaPV.Sprint2.Task3.V2.Test\Tyuiu.YachmenevaPV.Sprint2.Task3.V2.Test.csproj", "{A7C6A811-CE43-4F0D-B529-A78263FE64B8}"
EndProject
Project("{2150E333-8FDC-42A3-9474-1A3956D46DE8}") = "Task4", "Task4", "{AE2F0CE5-1DF7-49A3-B1A3-E6B2679D1CE2}"
EndProject
Project("{FAE04EC0-301F-11D3-BF4B-00C04F79EFBC}") = "Tyuiu.YachmenevaPV.Sprint2.Task4.V2", "Tyuiu.YachmenevaPV.Sprint2.Task4.V2\Tyuiu.YachmenevaPV.Sprint2.Task4.V2.csproj", "{78805C64-E5B7-4CE9-91F8-3058082945F5}"
EndProject
Project("{FAE04EC0-301F-11D3-BF4B-00C04F79EFBC}") = "Tyuiu.YachmenevaPV.Sprint2.Task4.V2.Lib", "Tyuiu.YachmenevaPV.Sprint2.Task4.V2.Lib\Tyuiu.YachmenevaPV.Sprint2.Task4.V2.Lib.csproj", "{450E93A4-7118-4C18-B08C-9A5B362C49D3}"
EndProject
Project("{FAE04EC0-301F-11D3-BF4B-00C04F79EFBC}") = "Tyuiu.YachmenevaPV.Sprint2.Task4.V2.Test", "Tyuiu.YachmenevaPV.Sprint2.Task4.V2.Test\Tyuiu.YachmenevaPV.Sprint2.Task4.V2.Test.csproj", "{E642997E-FE88-44CD-8A20-C60F07C82F4C}"
EndProject
Project("{2150E333-8FDC-42A3-9474-1A3956D46DE8}") = "Task5", "Task5", "{49758806-CB1E-49D1-971A-99C265691FF5}"
EndProject
Project("{FAE04EC0-301F-11D3-BF4B-00C04F79EFBC}") = "Tyuiu.YachmenevaPV.Sprint2.Task5.V4", "Tyuiu.YachmenevaPV.Sprint2.Task5.V4\Tyuiu.YachmenevaPV.Sprint2.Task5.V4.csproj", "{7799A61B-BAD3-4ECE-B445-4E213E51DC34}"
EndProject
Project("{FAE04EC0-301F-11D3-BF4B-00C04F79EFBC}") = "Tyuiu.YachmenevaPV.Sprint2.Task5.V4.Lib", "Tyuiu.YachmenevaPV.Sprint2.Task5.V4.Lib\Tyuiu.YachmenevaPV.Sprint2.Task5.V4.Lib.csproj", "{E2BD682F-FAA0-4E07-A89A-F1AF2657328C}"
EndProject
Project("{FAE04EC0-301F-11D3-BF4B-00C04F79EFBC}") = "Tyuiu.YachmenevaPV.Sprint2.Task5.V4.Test", "Tyuiu.YachmenevaPV.Sprint2.Task5.V4.Test\Tyuiu.YachmenevaPV.Sprint2.Task5.V4.Test.csproj", "{DCE5EB6A-2E48-4D1B-9219-69908729EFDA}"
EndProject
Project("{2150E333-8FDC-42A3-9474-1A3956D46DE8}") = "Task6", "Task6", "{36A3B60C-53DD-4792-9146-64C6F204348C}"
EndProject
Project("{FAE04EC0-301F-11D3-BF4B-00C04F79EFBC}") = "Tyuiu.YachmenevaPV.Sprint2.Task6.V11", "Tyuiu.YachmenevaPV.Sprint2.Task6.V11\Tyuiu.YachmenevaPV.Sprint2.Task6.V11.csproj", "{26EB55C4-6A71-4649-A6D9-202DB784A0D9}"
EndProject
Project("{FAE04EC0-301F-11D3-BF4B-00C04F79EFBC}") = "Tyuiu.YachmenevaPV.Sprint2.Task6.V11.Lib", "Tyuiu.YachmenevaPV.Sprint2.Task6.V11.Lib\Tyuiu.YachmenevaPV.Sprint2.Task6.V11.Lib.csproj", "{EBFDFA0C-339A-4E51-BC89-CFB2D57C85EC}"
EndProject
Project("{FAE04EC0-301F-11D3-BF4B-00C04F79EFBC}") = "Tyuiu.YachmenevaPV.Sprint2.Task6.V11.Test", "Tyuiu.YachmenevaPV.Sprint2.Task6.V11.Test\Tyuiu.YachmenevaPV.Sprint2.Task6.V11.Test.csproj", "{EE3A6B6C-607A-4EE1-AE64-ACC5AB5D88DD}"
EndProject
Global
	GlobalSection(SolutionConfigurationPlatforms) = preSolution
		Debug|Any CPU = Debug|Any CPU
		Release|Any CPU = Release|Any CPU
	EndGlobalSection
	GlobalSection(ProjectConfigurationPlatforms) = postSolution
		{48C2D795-8519-46B6-A117-159702BDCF83}.Debug|Any CPU.ActiveCfg = Debug|Any CPU
		{48C2D795-8519-46B6-A117-159702BDCF83}.Debug|Any CPU.Build.0 = Debug|Any CPU
		{48C2D795-8519-46B6-A117-159702BDCF83}.Release|Any CPU.ActiveCfg = Release|Any CPU
		{48C2D795-8519-46B6-A117-159702BDCF83}.Release|Any CPU.Build.0 = Release|Any CPU
		{007A9E57-852B-40EC-93D3-FA85007ADDA9}.Debug|Any CPU.ActiveCfg = Debug|Any CPU
		{007A9E57-852B-40EC-93D3-FA85007ADDA9}.Debug|Any CPU.Build.0 = Debug|Any CPU
		{007A9E57-852B-40EC-93D3-FA85007ADDA9}.Release|Any CPU.ActiveCfg = Release|Any CPU
		{007A9E57-852B-40EC-93D3-FA85007ADDA9}.Release|Any CPU.Build.0 = Release|Any CPU
		{82CD62CC-7D8D-43FB-B3D4-481784DD213C}.Debug|Any CPU.ActiveCfg = Debug|Any CPU
		{82CD62CC-7D8D-43FB-B3D4-481784DD213C}.Debug|Any CPU.Build.0 = Debug|Any CPU
		{82CD62CC-7D8D-43FB-B3D4-481784DD213C}.Release|Any CPU.ActiveCfg = Release|Any CPU
		{82CD62CC-7D8D-43FB-B3D4-481784DD213C}.Release|Any CPU.Build.0 = Release|Any CPU
		{B2A293CA-3951-4DD5-9043-9CAFB54A4D2C}.Debug|Any CPU.ActiveCfg = Debug|Any CPU
		{B2A293CA-3951-4DD5-9043-9CAFB54A4D2C}.Debug|Any CPU.Build.0 = Debug|Any CPU
		{B2A293CA-3951-4DD5-9043-9CAFB54A4D2C}.Release|Any CPU.ActiveCfg = Release|Any CPU
		{B2A293CA-3951-4DD5-9043-9CAFB54A4D2C}.Release|Any CPU.Build.0 = Release|Any CPU
		{33EA9886-6299-4823-ABC0-5109DD7A82C1}.Debug|Any CPU.ActiveCfg = Debug|Any CPU
		{33EA9886-6299-4823-ABC0-5109DD7A82C1}.Debug|Any CPU.Build.0 = Debug|Any CPU
		{33EA9886-6299-4823-ABC0-5109DD7A82C1}.Release|Any CPU.ActiveCfg = Release|Any CPU
		{33EA9886-6299-4823-ABC0-5109DD7A82C1}.Release|Any CPU.Build.0 = Release|Any CPU
		{DA7F4A67-FDCA-49B0-9C7B-73372174EE0B}.Debug|Any CPU.ActiveCfg = Debug|Any CPU
		{DA7F4A67-FDCA-49B0-9C7B-73372174EE0B}.Debug|Any CPU.Build.0 = Debug|Any CPU
		{DA7F4A67-FDCA-49B0-9C7B-73372174EE0B}.Release|Any CPU.ActiveCfg = Release|Any CPU
		{DA7F4A67-FDCA-49B0-9C7B-73372174EE0B}.Release|Any CPU.Build.0 = Release|Any CPU
		{C9D07625-72E8-4A38-9D68-18BAA08E5B8D}.Debug|Any CPU.ActiveCfg = Debug|Any CPU
		{C9D07625-72E8-4A38-9D68-18BAA08E5B8D}.Debug|Any CPU.Build.0 = Debug|Any CPU
		{C9D07625-72E8-4A38-9D68-18BAA08E5B8D}.Release|Any CPU.ActiveCfg = Release|Any CPU
		{C9D07625-72E8-4A38-9D68-18BAA08E5B8D}.Release|Any CPU.Build.0 = Release|Any CPU
		{5B0AF4C9-BFEA-46E5-9877-CC83BEB19C59}.Debug|Any CPU.ActiveCfg = Debug|Any CPU
		{5B0AF4C9-BFEA-46E5-9877-CC83BEB19C59}.Debug|Any CPU.Build.0 = Debug|Any CPU
		{5B0AF4C9-BFEA-46E5-9877-CC83BEB19C59}.Release|Any CPU.ActiveCfg = Release|Any CPU
		{5B0AF4C9-BFEA-46E5-9877-CC83BEB19C59}.Release|Any CPU.Build.0 = Release|Any CPU
		{A17F77E1-06BC-432E-871A-957A166E2DBA}.Debug|Any CPU.ActiveCfg = Debug|Any CPU
		{A17F77E1-06BC-432E-871A-957A166E2DBA}.Debug|Any CPU.Build.0 = Debug|Any CPU
		{A17F77E1-06BC-432E-871A-957A166E2DBA}.Release|Any CPU.ActiveCfg = Release|Any CPU
		{A17F77E1-06BC-432E-871A-957A166E2DBA}.Release|Any CPU.Build.0 = Release|Any CPU
		{921F7C09-18B8-4F71-A8BA-44388D761472}.Debug|Any CPU.ActiveCfg = Debug|Any CPU
		{921F7C09-18B8-4F71-A8BA-44388D761472}.Debug|Any CPU.Build.0 = Debug|Any CPU
		{921F7C09-18B8-4F71-A8BA-44388D761472}.Release|Any CPU.ActiveCfg = Release|Any CPU
		{921F7C09-18B8-4F71-A8BA-44388D761472}.Release|Any CPU.Build.0 = Release|Any CPU
		{22539D92-F6F0-458F-A85F-2E5516D9BC37}.Debug|Any CPU.ActiveCfg = Debug|Any CPU
		{22539D92-F6F0-458F-A85F-2E5516D9BC37}.Debug|Any CPU.Build.0 = Debug|Any CPU
		{22539D92-F6F0-458F-A85F-2E5516D9BC37}.Release|Any CPU.ActiveCfg = Release|Any CPU
		{22539D92-F6F0-458F-A85F-2E5516D9BC37}.Release|Any CPU.Build.0 = Release|Any CPU
		{A7C6A811-CE43-4F0D-B529-A78263FE64B8}.Debug|Any CPU.ActiveCfg = Debug|Any CPU
		{A7C6A811-CE43-4F0D-B529-A78263FE64B8}.Debug|Any CPU.Build.0 = Debug|Any CPU
		{A7C6A811-CE43-4F0D-B529-A78263FE64B8}.Release|Any CPU.ActiveCfg = Release|Any CPU
		{A7C6A811-CE43-4F0D-B529-A78263FE64B8}.Release|Any CPU.Build.0 = Release|Any CPU
		{78805C64-E5B7-4CE9-91F8-3058082945F5}.Debug|Any CPU.ActiveCfg = Debug|Any CPU
		{78805C64-E5B7-4CE9-91F8-3058082945F5}.Debug|Any CPU.Build.0 = Debug|Any CPU
		{78805C64-E5B7-4CE9-91F8-3058082945F5}.Release|Any CPU.ActiveCfg = Release|Any CPU
		{78805C64-E5B7-4CE9-91F8-3058082945F5}.Release|Any CPU.Build.0 = Release|Any CPU
		{450E93A4-7118-4C18-B08C-9A5B362C49D3}.Debug|Any CPU.ActiveCfg = Debug|Any CPU
		{450E93A4-7118-4C18-B08C-9A5B362C49D3}.Debug|Any CPU.Build.0 = Debug|Any CPU
		{450E93A4-7118-4C18-B08C-9A5B362C49D3}.Release|Any CPU.ActiveCfg = Release|Any CPU
		{450E93A4-7118-4C18-B08C-9A5B362C49D3}.Release|Any CPU.Build.0 = Release|Any CPU
		{E642997E-FE88-44CD-8A20-C60F07C82F4C}.Debug|Any CPU.ActiveCfg = Debug|Any CPU
		{E642997E-FE88-44CD-8A20-C60F07C82F4C}.Debug|Any CPU.Build.0 = Debug|Any CPU
		{E642997E-FE88-44CD-8A20-C60F07C82F4C}.Release|Any CPU.ActiveCfg = Release|Any CPU
		{E642997E-FE88-44CD-8A20-C60F07C82F4C}.Release|Any CPU.Build.0 = Release|Any CPU
		{7799A61B-BAD3-4ECE-B445-4E213E51DC34}.Debug|Any CPU.ActiveCfg = Debug|Any CPU
		{7799A61B-BAD3-4ECE-B445-4E213E51DC34}.Debug|Any CPU.Build.0 = Debug|Any CPU
		{7799A61B-BAD3-4ECE-B445-4E213E51DC34}.Release|Any CPU.ActiveCfg = Release|Any CPU
		{7799A61B-BAD3-4ECE-B445-4E213E51DC34}.Release|Any CPU.Build.0 = Release|Any CPU
		{E2BD682F-FAA0-4E07-A89A-F1AF2657328C}.Debug|Any CPU.ActiveCfg = Debug|Any CPU
		{E2BD682F-FAA0-4E07-A89A-F1AF2657328C}.Debug|Any CPU.Build.0 = Debug|Any CPU
		{E2BD682F-FAA0-4E07-A89A-F1AF2657328C}.Release|Any CPU.ActiveCfg = Release|Any CPU
		{E2BD682F-FAA0-4E07-A89A-F1AF2657328C}.Release|Any CPU.Build.0 = Release|Any CPU
		{DCE5EB6A-2E48-4D1B-9219-69908729EFDA}.Debug|Any CPU.ActiveCfg = Debug|Any CPU
		{DCE5EB6A-2E48-4D1B-9219-69908729EFDA}.Debug|Any CPU.Build.0 = Debug|Any CPU
		{DCE5EB6A-2E48-4D1B-9219-69908729EFDA}.Release|Any CPU.ActiveCfg = Release|Any CPU
		{DCE5EB6A-2E48-4D1B-9219-69908729EFDA}.Release|Any CPU.Build.0 = Release|Any CPU
		{26EB55C4-6A71-4649-A6D9-202DB784A0D9}.Debug|Any CPU.ActiveCfg = Debug|Any CPU
		{26EB55C4-6A71-4649-A6D9-202DB784A0D9}.Debug|Any CPU.Build.0 = Debug|Any CPU
		{26EB55C4-6A71-4649-A6D9-202DB784A0D9}.Release|Any CPU.ActiveCfg = Release|Any CPU
		{26EB55C4-6A71-4649-A6D9-202DB784A0D9}.Release|Any CPU.Build.0 = Release|Any CPU
		{EBFDFA0C-339A-4E51-BC89-CFB2D57C85EC}.Debug|Any CPU.ActiveCfg = Debug|Any CPU
		{EBFDFA0C-339A-4E51-BC89-CFB2D57C85EC}.Debug|Any CPU.Build.0 = Debug|Any CPU
		{EBFDFA0C-339A-4E51-BC89-CFB2D57C85EC}.Release|Any CPU.ActiveCfg = Release|Any CPU
		{EBFDFA0C-339A-4E51-BC89-CFB2D57C85EC}.Release|Any CPU.Build.0 = Release|Any CPU
		{EE3A6B6C-607A-4EE1-AE64-ACC5AB5D88DD}.Debug|Any CPU.ActiveCfg = Debug|Any CPU
		{EE3A6B6C-607A-4EE1-AE64-ACC5AB5D88DD}.Debug|Any CPU.Build.0 = Debug|Any CPU
		{EE3A6B6C-607A-4EE1-AE64-ACC5AB5D88DD}.Release|Any CPU.ActiveCfg = Release|Any CPU
		{EE3A6B6C-607A-4EE1-AE64-ACC5AB5D88DD}.Release|Any CPU.Build.0 = Release|Any CPU
	EndGlobalSection
	GlobalSection(SolutionProperties) = preSolution
		HideSolutionNode = FALSE
	EndGlobalSection
	GlobalSection(NestedProjects) = preSolution
		{48C2D795-8519-46B6-A117-159702BDCF83} = {02EA681E-C7D8-13C7-8484-4AC65E1B71E8}
		{007A9E57-852B-40EC-93D3-FA85007ADDA9} = {02EA681E-C7D8-13C7-8484-4AC65E1B71E8}
		{82CD62CC-7D8D-43FB-B3D4-481784DD213C} = {02EA681E-C7D8-13C7-8484-4AC65E1B71E8}
		{B2A293CA-3951-4DD5-9043-9CAFB54A4D2C} = {EB9AF8CA-AC26-4647-B02D-90D1045F0029}
		{33EA9886-6299-4823-ABC0-5109DD7A82C1} = {EB9AF8CA-AC26-4647-B02D-90D1045F0029}
		{DA7F4A67-FDCA-49B0-9C7B-73372174EE0B} = {EB9AF8CA-AC26-4647-B02D-90D1045F0029}
		{C9D07625-72E8-4A38-9D68-18BAA08E5B8D} = {8DBD5CA2-A5CC-48BC-857D-5C743A779B5F}
		{5B0AF4C9-BFEA-46E5-9877-CC83BEB19C59} = {8DBD5CA2-A5CC-48BC-857D-5C743A779B5F}
		{A17F77E1-06BC-432E-871A-957A166E2DBA} = {8DBD5CA2-A5CC-48BC-857D-5C743A779B5F}
		{921F7C09-18B8-4F71-A8BA-44388D761472} = {3842E526-2FCA-472F-80D5-12F5582AF4C5}
		{22539D92-F6F0-458F-A85F-2E5516D9BC37} = {3842E526-2FCA-472F-80D5-12F5582AF4C5}
		{A7C6A811-CE43-4F0D-B529-A78263FE64B8} = {3842E526-2FCA-472F-80D5-12F5582AF4C5}
		{78805C64-E5B7-4CE9-91F8-3058082945F5} = {AE2F0CE5-1DF7-49A3-B1A3-E6B2679D1CE2}
		{450E93A4-7118-4C18-B08C-9A5B362C49D3} = {AE2F0CE5-1DF7-49A3-B1A3-E6B2679D1CE2}
		{E642997E-FE88-44CD-8A20-C60F07C82F4C} = {AE2F0CE5-1DF7-49A3-B1A3-E6B2679D1CE2}
		{7799A61B-BAD3-4ECE-B445-4E213E51DC34} = {49758806-CB1E-49D1-971A-99C265691FF5}
		{E2BD682F-FAA0-4E07-A89A-F1AF2657328C} = {49758806-CB1E-49D1-971A-99C265691FF5}
		{DCE5EB6A-2E48-4D1B-9219-69908729EFDA} = {49758806-CB1E-49D1-971A-99C265691FF5}
		{26EB55C4-6A71-4649-A6D9-202DB784A0D9} = {36A3B60C-53DD-4792-9146-64C6F204348C}
		{EBFDFA0C-339A-4E51-BC89-CFB2D57C85EC} = {36A3B60C-53DD-4792-9146-64C6F204348C}
		{EE3A6B6C-607A-4EE1-AE64-ACC5AB5D88DD} = {36A3B60C-53DD-4792-9146-64C6F204348C}
	EndGlobalSection
	GlobalSection(ExtensibilityGlobals) = postSolution
		SolutionGuid = {4117A98D-2314-4EA4-93FE-3BAD57BBC44B}
	EndGlobalSection
EndGlobal
